
Microsoft Visual Studio Solution File, Format Version 12.00
# Visual Studio 15
VisualStudioVersion = 15.0.26730.12
MinimumVisualStudioVersion = 10.0.40219.1
Project("{2150E333-8FDC-42A3-9474-1A3956D46DE8}") = "1.UI", "1.UI", "{5931BE91-6A7E-4485-934D-DD9026F127E4}"
EndProject
Project("{2150E333-8FDC-42A3-9474-1A3956D46DE8}") = "2.ApplicationService", "2.ApplicationService", "{B8075ECB-6FD2-4EC4-AFD2-5CA00175DD77}"
EndProject
Project("{2150E333-8FDC-42A3-9474-1A3956D46DE8}") = "3.InfraStructure", "3.InfraStructure", "{17EB18ED-91CC-453E-BA16-6A9383113C1C}"
EndProject
Project("{FAE04EC0-301F-11D3-BF4B-00C04F79EFBC}") = "CodingChallange.WebApi2", "2.ApplicationServices\CodingChallange.WebApi2\CodingChallange.WebApi2.csproj", "{CFC618FB-C856-4CD6-B4A3-7D2D1A218A28}"
EndProject
Project("{FAE04EC0-301F-11D3-BF4B-00C04F79EFBC}") = "CodingChallange.InfraStructure", "3.InfraStructure\CodingChallange.Logging\CodingChallange.InfraStructure.csproj", "{80756397-E0DB-4A07-802A-AA3CCCB948B4}"
EndProject
Project("{FAE04EC0-301F-11D3-BF4B-00C04F79EFBC}") = "CodingChallange.MVC.Angular.UI", "1.UI\CodingChallange.MVC.Angular.UI\CodingChallange.MVC.Angular.UI.csproj", "{CF76279D-490A-46E4-9485-DEBE32961F6A}"
EndProject
Global
	GlobalSection(SolutionConfigurationPlatforms) = preSolution
		Debug|Any CPU = Debug|Any CPU
		Release|Any CPU = Release|Any CPU
	EndGlobalSection
	GlobalSection(ProjectConfigurationPlatforms) = postSolution
		{CFC618FB-C856-4CD6-B4A3-7D2D1A218A28}.Debug|Any CPU.ActiveCfg = Debug|Any CPU
		{CFC618FB-C856-4CD6-B4A3-7D2D1A218A28}.Debug|Any CPU.Build.0 = Debug|Any CPU
		{CFC618FB-C856-4CD6-B4A3-7D2D1A218A28}.Release|Any CPU.ActiveCfg = Release|Any CPU
		{CFC618FB-C856-4CD6-B4A3-7D2D1A218A28}.Release|Any CPU.Build.0 = Release|Any CPU
		{80756397-E0DB-4A07-802A-AA3CCCB948B4}.Debug|Any CPU.ActiveCfg = Debug|Any CPU
		{80756397-E0DB-4A07-802A-AA3CCCB948B4}.Debug|Any CPU.Build.0 = Debug|Any CPU
		{80756397-E0DB-4A07-802A-AA3CCCB948B4}.Release|Any CPU.ActiveCfg = Release|Any CPU
		{80756397-E0DB-4A07-802A-AA3CCCB948B4}.Release|Any CPU.Build.0 = Release|Any CPU
		{CF76279D-490A-46E4-9485-DEBE32961F6A}.Debug|Any CPU.ActiveCfg = Debug|Any CPU
		{CF76279D-490A-46E4-9485-DEBE32961F6A}.Debug|Any CPU.Build.0 = Debug|Any CPU
		{CF76279D-490A-46E4-9485-DEBE32961F6A}.Release|Any CPU.ActiveCfg = Release|Any CPU
		{CF76279D-490A-46E4-9485-DEBE32961F6A}.Release|Any CPU.Build.0 = Release|Any CPU
	EndGlobalSection
	GlobalSection(SolutionProperties) = preSolution
		HideSolutionNode = FALSE
	EndGlobalSection
	GlobalSection(NestedProjects) = preSolution
		{CFC618FB-C856-4CD6-B4A3-7D2D1A218A28} = {B8075ECB-6FD2-4EC4-AFD2-5CA00175DD77}
		{80756397-E0DB-4A07-802A-AA3CCCB948B4} = {17EB18ED-91CC-453E-BA16-6A9383113C1C}
		{CF76279D-490A-46E4-9485-DEBE32961F6A} = {5931BE91-6A7E-4485-934D-DD9026F127E4}
	EndGlobalSection
	GlobalSection(ExtensibilityGlobals) = postSolution
		SolutionGuid = {CA2E1855-E616-4656-9E1E-1AFA270AB95D}
	EndGlobalSection
EndGlobal
